{
  "name": "Scordy-Shots",
  "lockfileVersion": 2,
  "requires": true,
  "packages": {
    "": {
      "dependencies": {
        "skitter-slider": "^5.1.4"
      }
    },
    "node_modules/skitter-slider": {
      "version": "5.1.4",
      "resolved": "https://registry.npmjs.org/skitter-slider/-/skitter-slider-5.1.4.tgz",
      "integrity": "sha512-TRBnVot7SXI19Sc3qEweIm7LYGLM97YCF+jrEWymXKkRBJOGXBxH2VPIoxdNi9346ea6UwcgjN7ElGFH1Yt/3Q=="
    }
  },
  "dependencies": {
    "skitter-slider": {
      "version": "5.1.4",
      "resolved": "https://registry.npmjs.org/skitter-slider/-/skitter-slider-5.1.4.tgz",
      "integrity": "sha512-TRBnVot7SXI19Sc3qEweIm7LYGLM97YCF+jrEWymXKkRBJOGXBxH2VPIoxdNi9346ea6UwcgjN7ElGFH1Yt/3Q=="
    }
  }
}
